
Microsoft Visual Studio Solution File, Format Version 12.00
# Visual Studio 2012
Project("{FAE04EC0-301F-11D3-BF4B-00C04F79EFBC}") = "Yaba.NBP.Tests", "Yaba.NBP.Tests\Yaba.NBP.Tests.csproj", "{E64B3CB6-CADA-464C-BE7B-B57AEAA04A00}"
EndProject
Project("{FAE04EC0-301F-11D3-BF4B-00C04F79EFBC}") = "Yaba.NBP", "Yaba.NBP\Yaba.NBP.csproj", "{FC67928B-3290-4568-8D66-F1B1D1E6C648}"
EndProject
Project("{FAE04EC0-301F-11D3-BF4B-00C04F79EFBC}") = "Yaba.NBP.Example", "Yaba.NBP.Example\Yaba.NBP.Example.csproj", "{B063A274-DB1A-40CB-8E88-819B034C9E80}"
EndProject
Global
	GlobalSection(SolutionConfigurationPlatforms) = preSolution
		Debug|Any CPU = Debug|Any CPU
		Release|Any CPU = Release|Any CPU
	EndGlobalSection
	GlobalSection(ProjectConfigurationPlatforms) = postSolution
		{E64B3CB6-CADA-464C-BE7B-B57AEAA04A00}.Debug|Any CPU.ActiveCfg = Debug|Any CPU
		{E64B3CB6-CADA-464C-BE7B-B57AEAA04A00}.Debug|Any CPU.Build.0 = Debug|Any CPU
		{E64B3CB6-CADA-464C-BE7B-B57AEAA04A00}.Release|Any CPU.ActiveCfg = Release|Any CPU
		{E64B3CB6-CADA-464C-BE7B-B57AEAA04A00}.Release|Any CPU.Build.0 = Release|Any CPU
		{FC67928B-3290-4568-8D66-F1B1D1E6C648}.Debug|Any CPU.ActiveCfg = Debug|Any CPU
		{FC67928B-3290-4568-8D66-F1B1D1E6C648}.Debug|Any CPU.Build.0 = Debug|Any CPU
		{FC67928B-3290-4568-8D66-F1B1D1E6C648}.Release|Any CPU.ActiveCfg = Release|Any CPU
		{FC67928B-3290-4568-8D66-F1B1D1E6C648}.Release|Any CPU.Build.0 = Release|Any CPU
		{B063A274-DB1A-40CB-8E88-819B034C9E80}.Debug|Any CPU.ActiveCfg = Debug|Any CPU
		{B063A274-DB1A-40CB-8E88-819B034C9E80}.Debug|Any CPU.Build.0 = Debug|Any CPU
		{B063A274-DB1A-40CB-8E88-819B034C9E80}.Release|Any CPU.ActiveCfg = Release|Any CPU
		{B063A274-DB1A-40CB-8E88-819B034C9E80}.Release|Any CPU.Build.0 = Release|Any CPU
	EndGlobalSection
	GlobalSection(SolutionProperties) = preSolution
		HideSolutionNode = FALSE
	EndGlobalSection
EndGlobal
